// !$*UTF8*$!
{
	archiveVersion = 1;
	classes = {
	};
	objectVersion = 56;
	objects = {

/* Begin PBXBuildFile section */
		B78F7AC72A58D77300938FEE /* LatteExpenseApp.swift in Sources */ = {isa = PBXBuildFile; fileRef = B78F7AC62A58D77300938FEE /* LatteExpenseApp.swift */; };
		B78F7AC92A58D77300938FEE /* ContentView.swift in Sources */ = {isa = PBXBuildFile; fileRef = B78F7AC82A58D77300938FEE /* ContentView.swift */; };
		B78F7ACB2A58D77500938FEE /* Assets.xcassets in Resources */ = {isa = PBXBuildFile; fileRef = B78F7ACA2A58D77500938FEE /* Assets.xcassets */; };
		B78F7ACE2A58D77500938FEE /* Preview Assets.xcassets in Resources */ = {isa = PBXBuildFile; fileRef = B78F7ACD2A58D77500938FEE /* Preview Assets.xcassets */; };
		B78F7AD82A58D77600938FEE /* LatteExpenseTests.swift in Sources */ = {isa = PBXBuildFile; fileRef = B78F7AD72A58D77600938FEE /* LatteExpenseTests.swift */; };
		B78F7AE22A58D77600938FEE /* LatteExpenseUITests.swift in Sources */ = {isa = PBXBuildFile; fileRef = B78F7AE12A58D77600938FEE /* LatteExpenseUITests.swift */; };
		B78F7AE42A58D77600938FEE /* LatteExpenseUITestsLaunchTests.swift in Sources */ = {isa = PBXBuildFile; fileRef = B78F7AE32A58D77600938FEE /* LatteExpenseUITestsLaunchTests.swift */; };
/* End PBXBuildFile section */

/* Begin PBXContainerItemProxy section */
		B78F7AD42A58D77600938FEE /* PBXContainerItemProxy */ = {
			isa = PBXContainerItemProxy;
			containerPortal = B78F7ABB2A58D77300938FEE /* Project object */;
			proxyType = 1;
			remoteGlobalIDString = B78F7AC22A58D77300938FEE;
			remoteInfo = LatteExpense;
		};
		B78F7ADE2A58D77600938FEE /* PBXContainerItemProxy */ = {
			isa = PBXContainerItemProxy;
			containerPortal = B78F7ABB2A58D77300938FEE /* Project object */;
			proxyType = 1;
			remoteGlobalIDString = B78F7AC22A58D77300938FEE;
			remoteInfo = LatteExpense;
		};
/* End PBXContainerItemProxy section */

/* Begin PBXFileReference section */
		B78F7AC32A58D77300938FEE /* LatteExpense.app */ = {isa = PBXFileReference; explicitFileType = wrapper.application; includeInIndex = 0; path = LatteExpense.app; sourceTree = BUILT_PRODUCTS_DIR; };
		B78F7AC62A58D77300938FEE /* LatteExpenseApp.swift */ = {isa = PBXFileReference; lastKnownFileType = sourcecode.swift; path = LatteExpenseApp.swift; sourceTree = "<group>"; };
		B78F7AC82A58D77300938FEE /* ContentView.swift */ = {isa = PBXFileReference; lastKnownFileType = sourcecode.swift; path = ContentView.swift; sourceTree = "<group>"; };
		B78F7ACA2A58D77500938FEE /* Assets.xcassets */ = {isa = PBXFileReference; lastKnownFileType = folder.assetcatalog; path = Assets.xcassets; sourceTree = "<group>"; };
		B78F7ACD2A58D77500938FEE /* Preview Assets.xcassets */ = {isa = PBXFileReference; lastKnownFileType = folder.assetcatalog; path = "Preview Assets.xcassets"; sourceTree = "<group>"; };
		B78F7AD32A58D77600938FEE /* LatteExpenseTests.xctest */ = {isa = PBXFileReference; explicitFileType = wrapper.cfbundle; includeInIndex = 0; path = LatteExpenseTests.xctest; sourceTree = BUILT_PRODUCTS_DIR; };
		B78F7AD72A58D77600938FEE /* LatteExpenseTests.swift */ = {isa = PBXFileReference; lastKnownFileType = sourcecode.swift; path = LatteExpenseTests.swift; sourceTree = "<group>"; };
		B78F7ADD2A58D77600938FEE /* LatteExpenseUITests.xctest */ = {isa = PBXFileReference; explicitFileType = wrapper.cfbundle; includeInIndex = 0; path = LatteExpenseUITests.xctest; sourceTree = BUILT_PRODUCTS_DIR; };
		B78F7AE12A58D77600938FEE /* LatteExpenseUITests.swift */ = {isa = PBXFileReference; lastKnownFileType = sourcecode.swift; path = LatteExpenseUITests.swift; sourceTree = "<group>"; };
		B78F7AE32A58D77600938FEE /* LatteExpenseUITestsLaunchTests.swift */ = {isa = PBXFileReference; lastKnownFileType = sourcecode.swift; path = LatteExpenseUITestsLaunchTests.swift; sourceTree = "<group>"; };
/* End PBXFileReference section */

/* Begin PBXFrameworksBuildPhase section */
		B78F7AC02A58D77300938FEE /* Frameworks */ = {
			isa = PBXFrameworksBuildPhase;
			buildActionMask = 2147483647;
			files = (
			);
			runOnlyForDeploymentPostprocessing = 0;
		};
		B78F7AD02A58D77600938FEE /* Frameworks */ = {
			isa = PBXFrameworksBuildPhase;
			buildActionMask = 2147483647;
			files = (
			);
			runOnlyForDeploymentPostprocessing = 0;
		};
		B78F7ADA2A58D77600938FEE /* Frameworks */ = {
			isa = PBXFrameworksBuildPhase;
			buildActionMask = 2147483647;
			files = (
			);
			runOnlyForDeploymentPostprocessing = 0;
		};
/* End PBXFrameworksBuildPhase section */

/* Begin PBXGroup section */
		B78F7ABA2A58D77300938FEE = {
			isa = PBXGroup;
			children = (
				B78F7AC52A58D77300938FEE /* LatteExpense */,
				B78F7AD62A58D77600938FEE /* LatteExpenseTests */,
				B78F7AE02A58D77600938FEE /* LatteExpenseUITests */,
				B78F7AC42A58D77300938FEE /* Products */,
			);
			sourceTree = "<group>";
		};
		B78F7AC42A58D77300938FEE /* Products */ = {
			isa = PBXGroup;
			children = (
				B78F7AC32A58D77300938FEE /* LatteExpense.app */,
				B78F7AD32A58D77600938FEE /* LatteExpenseTests.xctest */,
				B78F7ADD2A58D77600938FEE /* LatteExpenseUITests.xctest */,
			);
			name = Products;
			sourceTree = "<group>";
		};
		B78F7AC52A58D77300938FEE /* LatteExpense */ = {
			isa = PBXGroup;
			children = (
				B78F7AC62A58D77300938FEE /* LatteExpenseApp.swift */,
				B78F7AC82A58D77300938FEE /* ContentView.swift */,
				B78F7ACA2A58D77500938FEE /* Assets.xcassets */,
				B78F7ACC2A58D77500938FEE /* Preview Content */,
			);
			path = LatteExpense;
			sourceTree = "<group>";
		};
		B78F7ACC2A58D77500938FEE /* Preview Content */ = {
			isa = PBXGroup;
			children = (
				B78F7ACD2A58D77500938FEE /* Preview Assets.xcassets */,
			);
			path = "Preview Content";
			sourceTree = "<group>";
		};
		B78F7AD62A58D77600938FEE /* LatteExpenseTests */ = {
			isa = PBXGroup;
			children = (
				B78F7AD72A58D77600938FEE /* LatteExpenseTests.swift */,
			);
			path = LatteExpenseTests;
			sourceTree = "<group>";
		};
		B78F7AE02A58D77600938FEE /* LatteExpenseUITests */ = {
			isa = PBXGroup;
			children = (
				B78F7AE12A58D77600938FEE /* LatteExpenseUITests.swift */,
				B78F7AE32A58D77600938FEE /* LatteExpenseUITestsLaunchTests.swift */,
			);
			path = LatteExpenseUITests;
			sourceTree = "<group>";
		};
/* End PBXGroup section */

/* Begin PBXNativeTarget section */
		B78F7AC22A58D77300938FEE /* LatteExpense */ = {
			isa = PBXNativeTarget;
			buildConfigurationList = B78F7AE72A58D77600938FEE /* Build configuration list for PBXNativeTarget "LatteExpense" */;
			buildPhases = (
				B78F7ABF2A58D77300938FEE /* Sources */,
				B78F7AC02A58D77300938FEE /* Frameworks */,
				B78F7AC12A58D77300938FEE /* Resources */,
			);
			buildRules = (
			);
			dependencies = (
			);
			name = LatteExpense;
			productName = LatteExpense;
			productReference = B78F7AC32A58D77300938FEE /* LatteExpense.app */;
			productType = "com.apple.product-type.application";
		};
		B78F7AD22A58D77600938FEE /* LatteExpenseTests */ = {
			isa = PBXNativeTarget;
			buildConfigurationList = B78F7AEA2A58D77600938FEE /* Build configuration list for PBXNativeTarget "LatteExpenseTests" */;
			buildPhases = (
				B78F7ACF2A58D77600938FEE /* Sources */,
				B78F7AD02A58D77600938FEE /* Frameworks */,
				B78F7AD12A58D77600938FEE /* Resources */,
			);
			buildRules = (
			);
			dependencies = (
				B78F7AD52A58D77600938FEE /* PBXTargetDependency */,
			);
			name = LatteExpenseTests;
			productName = LatteExpenseTests;
			productReference = B78F7AD32A58D77600938FEE /* LatteExpenseTests.xctest */;
			productType = "com.apple.product-type.bundle.unit-test";
		};
		B78F7ADC2A58D77600938FEE /* LatteExpenseUITests */ = {
			isa = PBXNativeTarget;
			buildConfigurationList = B78F7AED2A58D77600938FEE /* Build configuration list for PBXNativeTarget "LatteExpenseUITests" */;
			buildPhases = (
				B78F7AD92A58D77600938FEE /* Sources */,
				B78F7ADA2A58D77600938FEE /* Frameworks */,
				B78F7ADB2A58D77600938FEE /* Resources */,
			);
			buildRules = (
			);
			dependencies = (
				B78F7ADF2A58D77600938FEE /* PBXTargetDependency */,
			);
			name = LatteExpenseUITests;
			productName = LatteExpenseUITests;
			productReference = B78F7ADD2A58D77600938FEE /* LatteExpenseUITests.xctest */;
			productType = "com.apple.product-type.bundle.ui-testing";
		};
/* End PBXNativeTarget section */

/* Begin PBXProject section */
		B78F7ABB2A58D77300938FEE /* Project object */ = {
			isa = PBXProject;
			attributes = {
				BuildIndependentTargetsInParallel = 1;
				LastSwiftUpdateCheck = 1430;
				LastUpgradeCheck = 1430;
				TargetAttributes = {
					B78F7AC22A58D77300938FEE = {
						CreatedOnToolsVersion = 14.3.1;
					};
					B78F7AD22A58D77600938FEE = {
						CreatedOnToolsVersion = 14.3.1;
						TestTargetID = B78F7AC22A58D77300938FEE;
					};
					B78F7ADC2A58D77600938FEE = {
						CreatedOnToolsVersion = 14.3.1;
						TestTargetID = B78F7AC22A58D77300938FEE;
					};
				};
			};
			buildConfigurationList = B78F7ABE2A58D77300938FEE /* Build configuration list for PBXProject "LatteExpense" */;
			compatibilityVersion = "Xcode 14.0";
			developmentRegion = en;
			hasScannedForEncodings = 0;
			knownRegions = (
				en,
				Base,
			);
			mainGroup = B78F7ABA2A58D77300938FEE;
			productRefGroup = B78F7AC42A58D77300938FEE /* Products */;
			projectDirPath = "";
			projectRoot = "";
			targets = (
				B78F7AC22A58D77300938FEE /* LatteExpense */,
				B78F7AD22A58D77600938FEE /* LatteExpenseTests */,
				B78F7ADC2A58D77600938FEE /* LatteExpenseUITests */,
			);
		};
/* End PBXProject section */

/* Begin PBXResourcesBuildPhase section */
		B78F7AC12A58D77300938FEE /* Resources */ = {
			isa = PBXResourcesBuildPhase;
			buildActionMask = 2147483647;
			files = (
				B78F7ACE2A58D77500938FEE /* Preview Assets.xcassets in Resources */,
				B78F7ACB2A58D77500938FEE /* Assets.xcassets in Resources */,
			);
			runOnlyForDeploymentPostprocessing = 0;
		};
		B78F7AD12A58D77600938FEE /* Resources */ = {
			isa = PBXResourcesBuildPhase;
			buildActionMask = 2147483647;
			files = (
			);
			runOnlyForDeploymentPostprocessing = 0;
		};
		B78F7ADB2A58D77600938FEE /* Resources */ = {
			isa = PBXResourcesBuildPhase;
			buildActionMask = 2147483647;
			files = (
			);
			runOnlyForDeploymentPostprocessing = 0;
		};
/* End PBXResourcesBuildPhase section */

/* Begin PBXSourcesBuildPhase section */
		B78F7ABF2A58D77300938FEE /* Sources */ = {
			isa = PBXSourcesBuildPhase;
			buildActionMask = 2147483647;
			files = (
				B78F7AC92A58D77300938FEE /* ContentView.swift in Sources */,
				B78F7AC72A58D77300938FEE /* LatteExpenseApp.swift in Sources */,
			);
			runOnlyForDeploymentPostprocessing = 0;
		};
		B78F7ACF2A58D77600938FEE /* Sources */ = {
			isa = PBXSourcesBuildPhase;
			buildActionMask = 2147483647;
			files = (
				B78F7AD82A58D77600938FEE /* LatteExpenseTests.swift in Sources */,
			);
			runOnlyForDeploymentPostprocessing = 0;
		};
		B78F7AD92A58D77600938FEE /* Sources */ = {
			isa = PBXSourcesBuildPhase;
			buildActionMask = 2147483647;
			files = (
				B78F7AE42A58D77600938FEE /* LatteExpenseUITestsLaunchTests.swift in Sources */,
				B78F7AE22A58D77600938FEE /* LatteExpenseUITests.swift in Sources */,
			);
			runOnlyForDeploymentPostprocessing = 0;
		};
/* End PBXSourcesBuildPhase section */

/* Begin PBXTargetDependency section */
		B78F7AD52A58D77600938FEE /* PBXTargetDependency */ = {
			isa = PBXTargetDependency;
			target = B78F7AC22A58D77300938FEE /* LatteExpense */;
			targetProxy = B78F7AD42A58D77600938FEE /* PBXContainerItemProxy */;
		};
		B78F7ADF2A58D77600938FEE /* PBXTargetDependency */ = {
			isa = PBXTargetDependency;
			target = B78F7AC22A58D77300938FEE /* LatteExpense */;
			targetProxy = B78F7ADE2A58D77600938FEE /* PBXContainerItemProxy */;
		};
/* End PBXTargetDependency section */

/* Begin XCBuildConfiguration section */
		B78F7AE52A58D77600938FEE /* Debug */ = {
			isa = XCBuildConfiguration;
			buildSettings = {
				ALWAYS_SEARCH_USER_PATHS = NO;
				CLANG_ANALYZER_NONNULL = YES;
				CLANG_ANALYZER_NUMBER_OBJECT_CONVERSION = YES_AGGRESSIVE;
				CLANG_CXX_LANGUAGE_STANDARD = "gnu++20";
				CLANG_ENABLE_MODULES = YES;
				CLANG_ENABLE_OBJC_ARC = YES;
				CLANG_ENABLE_OBJC_WEAK = YES;
				CLANG_WARN_BLOCK_CAPTURE_AUTORELEASING = YES;
				CLANG_WARN_BOOL_CONVERSION = YES;
				CLANG_WARN_COMMA = YES;
				CLANG_WARN_CONSTANT_CONVERSION = YES;
				CLANG_WARN_DEPRECATED_OBJC_IMPLEMENTATIONS = YES;
				CLANG_WARN_DIRECT_OBJC_ISA_USAGE = YES_ERROR;
				CLANG_WARN_DOCUMENTATION_COMMENTS = YES;
				CLANG_WARN_EMPTY_BODY = YES;
				CLANG_WARN_ENUM_CONVERSION = YES;
				CLANG_WARN_INFINITE_RECURSION = YES;
				CLANG_WARN_INT_CONVERSION = YES;
				CLANG_WARN_NON_LITERAL_NULL_CONVERSION = YES;
				CLANG_WARN_OBJC_IMPLICIT_RETAIN_SELF = YES;
				CLANG_WARN_OBJC_LITERAL_CONVERSION = YES;
				CLANG_WARN_OBJC_ROOT_CLASS = YES_ERROR;
				CLANG_WARN_QUOTED_INCLUDE_IN_FRAMEWORK_HEADER = YES;
				CLANG_WARN_RANGE_LOOP_ANALYSIS = YES;
				CLANG_WARN_STRICT_PROTOTYPES = YES;
				CLANG_WARN_SUSPICIOUS_MOVE = YES;
				CLANG_WARN_UNGUARDED_AVAILABILITY = YES_AGGRESSIVE;
				CLANG_WARN_UNREACHABLE_CODE = YES;
				CLANG_WARN__DUPLICATE_METHOD_MATCH = YES;
				COPY_PHASE_STRIP = NO;
				DEBUG_INFORMATION_FORMAT = dwarf;
				ENABLE_STRICT_OBJC_MSGSEND = YES;
				ENABLE_TESTABILITY = YES;
				GCC_C_LANGUAGE_STANDARD = gnu11;
				GCC_DYNAMIC_NO_PIC = NO;
				GCC_NO_COMMON_BLOCKS = YES;
				GCC_OPTIMIZATION_LEVEL = 0;
				GCC_PREPROCESSOR_DEFINITIONS = (
					"DEBUG=1",
					"$(inherited)",
				);
				GCC_WARN_64_TO_32_BIT_CONVERSION = YES;
				GCC_WARN_ABOUT_RETURN_TYPE = YES_ERROR;
				GCC_WARN_UNDECLARED_SELECTOR = YES;
				GCC_WARN_UNINITIALIZED_AUTOS = YES_AGGRESSIVE;
				GCC_WARN_UNUSED_FUNCTION = YES;
				GCC_WARN_UNUSED_VARIABLE = YES;
				IPHONEOS_DEPLOYMENT_TARGET = 16.4;
				MTL_ENABLE_DEBUG_INFO = INCLUDE_SOURCE;
				MTL_FAST_MATH = YES;
				ONLY_ACTIVE_ARCH = YES;
				SDKROOT = iphoneos;
				SWIFT_ACTIVE_COMPILATION_CONDITIONS = DEBUG;
				SWIFT_OPTIMIZATION_LEVEL = "-Onone";
			};
			name = Debug;
		};
		B78F7AE62A58D77600938FEE /* Release */ = {
			isa = XCBuildConfiguration;
			buildSettings = {
				ALWAYS_SEARCH_USER_PATHS = NO;
				CLANG_ANALYZER_NONNULL = YES;
				CLANG_ANALYZER_NUMBER_OBJECT_CONVERSION = YES_AGGRESSIVE;
				CLANG_CXX_LANGUAGE_STANDARD = "gnu++20";
				CLANG_ENABLE_MODULES = YES;
				CLANG_ENABLE_OBJC_ARC = YES;
				CLANG_ENABLE_OBJC_WEAK = YES;
				CLANG_WARN_BLOCK_CAPTURE_AUTORELEASING = YES;
				CLANG_WARN_BOOL_CONVERSION = YES;
				CLANG_WARN_COMMA = YES;
				CLANG_WARN_CONSTANT_CONVERSION = YES;
				CLANG_WARN_DEPRECATED_OBJC_IMPLEMENTATIONS = YES;
				CLANG_WARN_DIRECT_OBJC_ISA_USAGE = YES_ERROR;
				CLANG_WARN_DOCUMENTATION_COMMENTS = YES;
				CLANG_WARN_EMPTY_BODY = YES;
				CLANG_WARN_ENUM_CONVERSION = YES;
				CLANG_WARN_INFINITE_RECURSION = YES;
				CLANG_WARN_INT_CONVERSION = YES;
				CLANG_WARN_NON_LITERAL_NULL_CONVERSION = YES;
				CLANG_WARN_OBJC_IMPLICIT_RETAIN_SELF = YES;
				CLANG_WARN_OBJC_LITERAL_CONVERSION = YES;
				CLANG_WARN_OBJC_ROOT_CLASS = YES_ERROR;
				CLANG_WARN_QUOTED_INCLUDE_IN_FRAMEWORK_HEADER = YES;
				CLANG_WARN_RANGE_LOOP_ANALYSIS = YES;
				CLANG_WARN_STRICT_PROTOTYPES = YES;
				CLANG_WARN_SUSPICIOUS_MOVE = YES;
				CLANG_WARN_UNGUARDED_AVAILABILITY = YES_AGGRESSIVE;
				CLANG_WARN_UNREACHABLE_CODE = YES;
				CLANG_WARN__DUPLICATE_METHOD_MATCH = YES;
				COPY_PHASE_STRIP = NO;
				DEBUG_INFORMATION_FORMAT = "dwarf-with-dsym";
				ENABLE_NS_ASSERTIONS = NO;
				ENABLE_STRICT_OBJC_MSGSEND = YES;
				GCC_C_LANGUAGE_STANDARD = gnu11;
				GCC_NO_COMMON_BLOCKS = YES;
				GCC_WARN_64_TO_32_BIT_CONVERSION = YES;
				GCC_WARN_ABOUT_RETURN_TYPE = YES_ERROR;
				GCC_WARN_UNDECLARED_SELECTOR = YES;
				GCC_WARN_UNINITIALIZED_AUTOS = YES_AGGRESSIVE;
				GCC_WARN_UNUSED_FUNCTION = YES;
				GCC_WARN_UNUSED_VARIABLE = YES;
				IPHONEOS_DEPLOYMENT_TARGET = 16.4;
				MTL_ENABLE_DEBUG_INFO = NO;
				MTL_FAST_MATH = YES;
				SDKROOT = iphoneos;
				SWIFT_COMPILATION_MODE = wholemodule;
				SWIFT_OPTIMIZATION_LEVEL = "-O";
				VALIDATE_PRODUCT = YES;
			};
			name = Release;
		};
		B78F7AE82A58D77600938FEE /* Debug */ = {
			isa = XCBuildConfiguration;
			buildSettings = {
				ASSETCATALOG_COMPILER_APPICON_NAME = AppIcon;
				ASSETCATALOG_COMPILER_GLOBAL_ACCENT_COLOR_NAME = AccentColor;
				CODE_SIGN_STYLE = Automatic;
				CURRENT_PROJECT_VERSION = 1;
				DEVELOPMENT_ASSET_PATHS = "\"LatteExpense/Preview Content\"";
				ENABLE_PREVIEWS = YES;
				GENERATE_INFOPLIST_FILE = YES;
				INFOPLIST_KEY_UIApplicationSceneManifest_Generation = YES;
				INFOPLIST_KEY_UIApplicationSupportsIndirectInputEvents = YES;
				INFOPLIST_KEY_UILaunchScreen_Generation = YES;
				INFOPLIST_KEY_UISupportedInterfaceOrientations_iPad = "UIInterfaceOrientationPortrait UIInterfaceOrientationPortraitUpsideDown UIInterfaceOrientationLandscapeLeft UIInterfaceOrientationLandscapeRight";
				INFOPLIST_KEY_UISupportedInterfaceOrientations_iPhone = "UIInterfaceOrientationPortrait UIInterfaceOrientationLandscapeLeft UIInterfaceOrientationLandscapeRight";
				LD_RUNPATH_SEARCH_PATHS = (
					"$(inherited)",
					"@executable_path/Frameworks",
				);
				MARKETING_VERSION = 1.0;
				PRODUCT_BUNDLE_IDENTIFIER = "-23.LatteExpense";
				PRODUCT_NAME = "$(TARGET_NAME)";
				SWIFT_EMIT_LOC_STRINGS = YES;
				SWIFT_VERSION = 5.0;
				TARGETED_DEVICE_FAMILY = "1,2";
			};
			name = Debug;
		};
		B78F7AE92A58D77600938FEE /* Release */ = {
			isa = XCBuildConfiguration;
			buildSettings = {
				ASSETCATALOG_COMPILER_APPICON_NAME = AppIcon;
				ASSETCATALOG_COMPILER_GLOBAL_ACCENT_COLOR_NAME = AccentColor;
				CODE_SIGN_STYLE = Automatic;
				CURRENT_PROJECT_VERSION = 1;
				DEVELOPMENT_ASSET_PATHS = "\"LatteExpense/Preview Content\"";
				ENABLE_PREVIEWS = YES;
				GENERATE_INFOPLIST_FILE = YES;
				INFOPLIST_KEY_UIApplicationSceneManifest_Generation = YES;
				INFOPLIST_KEY_UIApplicationSupportsIndirectInputEvents = YES;
				INFOPLIST_KEY_UILaunchScreen_Generation = YES;
				INFOPLIST_KEY_UISupportedInterfaceOrientations_iPad = "UIInterfaceOrientationPortrait UIInterfaceOrientationPortraitUpsideDown UIInterfaceOrientationLandscapeLeft UIInterfaceOrientationLandscapeRight";
				INFOPLIST_KEY_UISupportedInterfaceOrientations_iPhone = "UIInterfaceOrientationPortrait UIInterfaceOrientationLandscapeLeft UIInterfaceOrientationLandscapeRight";
				LD_RUNPATH_SEARCH_PATHS = (
					"$(inherited)",
					"@executable_path/Frameworks",
				);
				MARKETING_VERSION = 1.0;
				PRODUCT_BUNDLE_IDENTIFIER = "-23.LatteExpense";
				PRODUCT_NAME = "$(TARGET_NAME)";
				SWIFT_EMIT_LOC_STRINGS = YES;
				SWIFT_VERSION = 5.0;
				TARGETED_DEVICE_FAMILY = "1,2";
			};
			name = Release;
		};
		B78F7AEB2A58D77600938FEE /* Debug */ = {
			isa = XCBuildConfiguration;
			buildSettings = {
				ALWAYS_EMBED_SWIFT_STANDARD_LIBRARIES = YES;
				BUNDLE_LOADER = "$(TEST_HOST)";
				CODE_SIGN_STYLE = Automatic;
				CURRENT_PROJECT_VERSION = 1;
				GENERATE_INFOPLIST_FILE = YES;
				IPHONEOS_DEPLOYMENT_TARGET = 16.4;
				MARKETING_VERSION = 1.0;
				PRODUCT_BUNDLE_IDENTIFIER = "-23.LatteExpenseTests";
				PRODUCT_NAME = "$(TARGET_NAME)";
				SWIFT_EMIT_LOC_STRINGS = NO;
				SWIFT_VERSION = 5.0;
				TARGETED_DEVICE_FAMILY = "1,2";
				TEST_HOST = "$(BUILT_PRODUCTS_DIR)/LatteExpense.app/$(BUNDLE_EXECUTABLE_FOLDER_PATH)/LatteExpense";
			};
			name = Debug;
		};
		B78F7AEC2A58D77600938FEE /* Release */ = {
			isa = XCBuildConfiguration;
			buildSettings = {
				ALWAYS_EMBED_SWIFT_STANDARD_LIBRARIES = YES;
				BUNDLE_LOADER = "$(TEST_HOST)";
				CODE_SIGN_STYLE = Automatic;
				CURRENT_PROJECT_VERSION = 1;
				GENERATE_INFOPLIST_FILE = YES;
				IPHONEOS_DEPLOYMENT_TARGET = 16.4;
				MARKETING_VERSION = 1.0;
				PRODUCT_BUNDLE_IDENTIFIER = "-23.LatteExpenseTests";
				PRODUCT_NAME = "$(TARGET_NAME)";
				SWIFT_EMIT_LOC_STRINGS = NO;
				SWIFT_VERSION = 5.0;
				TARGETED_DEVICE_FAMILY = "1,2";
				TEST_HOST = "$(BUILT_PRODUCTS_DIR)/LatteExpense.app/$(BUNDLE_EXECUTABLE_FOLDER_PATH)/LatteExpense";
			};
			name = Release;
		};
		B78F7AEE2A58D77600938FEE /* Debug */ = {
			isa = XCBuildConfiguration;
			buildSettings = {
				ALWAYS_EMBED_SWIFT_STANDARD_LIBRARIES = YES;
				CODE_SIGN_STYLE = Automatic;
				CURRENT_PROJECT_VERSION = 1;
				GENERATE_INFOPLIST_FILE = YES;
				MARKETING_VERSION = 1.0;
				PRODUCT_BUNDLE_IDENTIFIER = "-23.LatteExpenseUITests";
				PRODUCT_NAME = "$(TARGET_NAME)";
				SWIFT_EMIT_LOC_STRINGS = NO;
				SWIFT_VERSION = 5.0;
				TARGETED_DEVICE_FAMILY = "1,2";
				TEST_TARGET_NAME = LatteExpense;
			};
			name = Debug;
		};
		B78F7AEF2A58D77600938FEE /* Release */ = {
			isa = XCBuildConfiguration;
			buildSettings = {
				ALWAYS_EMBED_SWIFT_STANDARD_LIBRARIES = YES;
				CODE_SIGN_STYLE = Automatic;
				CURRENT_PROJECT_VERSION = 1;
				GENERATE_INFOPLIST_FILE = YES;
				MARKETING_VERSION = 1.0;
				PRODUCT_BUNDLE_IDENTIFIER = "-23.LatteExpenseUITests";
				PRODUCT_NAME = "$(TARGET_NAME)";
				SWIFT_EMIT_LOC_STRINGS = NO;
				SWIFT_VERSION = 5.0;
				TARGETED_DEVICE_FAMILY = "1,2";
				TEST_TARGET_NAME = LatteExpense;
			};
			name = Release;
		};
/* End XCBuildConfiguration section */

/* Begin XCConfigurationList section */
		B78F7ABE2A58D77300938FEE /* Build configuration list for PBXProject "LatteExpense" */ = {
			isa = XCConfigurationList;
			buildConfigurations = (
				B78F7AE52A58D77600938FEE /* Debug */,
				B78F7AE62A58D77600938FEE /* Release */,
			);
			defaultConfigurationIsVisible = 0;
			defaultConfigurationName = Release;
		};
		B78F7AE72A58D77600938FEE /* Build configuration list for PBXNativeTarget "LatteExpense" */ = {
			isa = XCConfigurationList;
			buildConfigurations = (
				B78F7AE82A58D77600938FEE /* Debug */,
				B78F7AE92A58D77600938FEE /* Release */,
			);
			defaultConfigurationIsVisible = 0;
			defaultConfigurationName = Release;
		};
		B78F7AEA2A58D77600938FEE /* Build configuration list for PBXNativeTarget "LatteExpenseTests" */ = {
			isa = XCConfigurationList;
			buildConfigurations = (
				B78F7AEB2A58D77600938FEE /* Debug */,
				B78F7AEC2A58D77600938FEE /* Release */,
			);
			defaultConfigurationIsVisible = 0;
			defaultConfigurationName = Release;
		};
		B78F7AED2A58D77600938FEE /* Build configuration list for PBXNativeTarget "LatteExpenseUITests" */ = {
			isa = XCConfigurationList;
			buildConfigurations = (
				B78F7AEE2A58D77600938FEE /* Debug */,
				B78F7AEF2A58D77600938FEE /* Release */,
			);
			defaultConfigurationIsVisible = 0;
			defaultConfigurationName = Release;
		};
/* End XCConfigurationList section */
	};
	rootObject = B78F7ABB2A58D77300938FEE /* Project object */;
}
